
Microsoft Visual Studio Solution File, Format Version 12.00
# Visual Studio Version 17
VisualStudioVersion = 17.9.34728.123
MinimumVisualStudioVersion = 10.0.40219.1
Project("{FAE04EC0-301F-11D3-BF4B-00C04F79EFBC}") = "ExamDesmechtDenysPOO", "ExamDesmechtDenysPOO\ExamDesmechtDenysPOO.csproj", "{5BB02BAB-9E78-481E-8EB7-42D5521F8E4D}"
EndProject
Global
	GlobalSection(SolutionConfigurationPlatforms) = preSolution
		Debug|Any CPU = Debug|Any CPU
		Release|Any CPU = Release|Any CPU
	EndGlobalSection
	GlobalSection(ProjectConfigurationPlatforms) = postSolution
		{5BB02BAB-9E78-481E-8EB7-42D5521F8E4D}.Debug|Any CPU.ActiveCfg = Debug|Any CPU
		{5BB02BAB-9E78-481E-8EB7-42D5521F8E4D}.Debug|Any CPU.Build.0 = Debug|Any CPU
		{5BB02BAB-9E78-481E-8EB7-42D5521F8E4D}.Debug|Any CPU.Deploy.0 = Debug|Any CPU
		{5BB02BAB-9E78-481E-8EB7-42D5521F8E4D}.Release|Any CPU.ActiveCfg = Release|Any CPU
		{5BB02BAB-9E78-481E-8EB7-42D5521F8E4D}.Release|Any CPU.Build.0 = Release|Any CPU
		{5BB02BAB-9E78-481E-8EB7-42D5521F8E4D}.Release|Any CPU.Deploy.0 = Release|Any CPU
	EndGlobalSection
	GlobalSection(SolutionProperties) = preSolution
		HideSolutionNode = FALSE
	EndGlobalSection
	GlobalSection(ExtensibilityGlobals) = postSolution
		SolutionGuid = {2F29F740-6FBF-472A-B03E-28BD1DC808AF}
	EndGlobalSection
EndGlobal
